# THIS IS AN AUTOGENERATED FILE. DO NOT EDIT THIS FILE DIRECTLY.
# yarn lockfile v1


"@ampproject/remapping@^2.2.0":
  "integrity" "sha512-qRmjj8nj9qmLTQXXmaR1cck3UXSRMPrbsLJAasZpF+t3riI71BXed5ebIOYwQntykeZuhjsdweEc9BxH5Jc26w=="
  "resolved" "https://registry.npmjs.org/@ampproject/remapping/-/remapping-2.2.0.tgz"
  "version" "2.2.0"
  dependencies:
    "@jridgewell/gen-mapping" "^0.1.0"
    "@jridgewell/trace-mapping" "^0.3.9"

"@babel/code-frame@^7.18.6", "@babel/code-frame@^7.21.4":
  "integrity" "sha512-LYvhNKfwWSPpocw8GI7gpK2nq3HSDuEPC/uSYaALSJu9xjsalaaYFOq0Pwt5KmVqwEbZlDu81aLXwBOmD/Fv9g=="
  "resolved" "https://registry.npmjs.org/@babel/code-frame/-/code-frame-7.21.4.tgz"
  "version" "7.21.4"
  dependencies:
    "@babel/highlight" "^7.18.6"

"@babel/compat-data@^7.21.4":
  "integrity" "sha512-/DYyDpeCfaVinT40FPGdkkb+lYSKvsVuMjDAG7jPOWWiM1ibOaB9CXJAlc4d1QpP/U2q2P9jbrSlClKSErd55g=="
  "resolved" "https://registry.npmjs.org/@babel/compat-data/-/compat-data-7.21.4.tgz"
  "version" "7.21.4"

"@babel/core@^7.0.0", "@babel/core@^7.0.0-0", "@babel/core@^7.20.12":
  "integrity" "sha512-qt/YV149Jman/6AfmlxJ04LMIu8bMoyl3RB91yTFrxQmgbrSvQMy7cI8Q62FHx1t8wJ8B5fu0UDoLwHAhUo1QA=="
  "resolved" "https://registry.npmjs.org/@babel/core/-/core-7.21.4.tgz"
  "version" "7.21.4"
  dependencies:
    "@ampproject/remapping" "^2.2.0"
    "@babel/code-frame" "^7.21.4"
    "@babel/generator" "^7.21.4"
    "@babel/helper-compilation-targets" "^7.21.4"
    "@babel/helper-module-transforms" "^7.21.2"
    "@babel/helpers" "^7.21.0"
    "@babel/parser" "^7.21.4"
    "@babel/template" "^7.20.7"
    "@babel/traverse" "^7.21.4"
    "@babel/types" "^7.21.4"
    "convert-source-map" "^1.7.0"
    "debug" "^4.1.0"
    "gensync" "^1.0.0-beta.2"
    "json5" "^2.2.2"
    "semver" "^6.3.0"

"@babel/generator@^7.21.4":
  "integrity" "sha512-NieM3pVIYW2SwGzKoqfPrQsf4xGs9M9AIG3ThppsSRmO+m7eQhmI6amajKMUeIO37wFfsvnvcxQFx6x6iqxDnA=="
  "resolved" "https://registry.npmjs.org/@babel/generator/-/generator-7.21.4.tgz"
  "version" "7.21.4"
  dependencies:
    "@babel/types" "^7.21.4"
    "@jridgewell/gen-mapping" "^0.3.2"
    "@jridgewell/trace-mapping" "^0.3.17"
    "jsesc" "^2.5.1"

"@babel/helper-compilation-targets@^7.21.4":
  "integrity" "sha512-Fa0tTuOXZ1iL8IeDFUWCzjZcn+sJGd9RZdH9esYVjEejGmzf+FFYQpMi/kZUk2kPy/q1H3/GPw7np8qar/stfg=="
  "resolved" "https://registry.npmjs.org/@babel/helper-compilation-targets/-/helper-compilation-targets-7.21.4.tgz"
  "version" "7.21.4"
  dependencies:
    "@babel/compat-data" "^7.21.4"
    "@babel/helper-validator-option" "^7.21.0"
    "browserslist" "^4.21.3"
    "lru-cache" "^5.1.1"
    "semver" "^6.3.0"

"@babel/helper-environment-visitor@^7.18.9":
  "integrity" "sha512-3r/aACDJ3fhQ/EVgFy0hpj8oHyHpQc+LPtJoY9SzTThAsStm4Ptegq92vqKoE3vD706ZVFWITnMnxucw+S9Ipg=="
  "resolved" "https://registry.npmjs.org/@babel/helper-environment-visitor/-/helper-environment-visitor-7.18.9.tgz"
  "version" "7.18.9"

"@babel/helper-function-name@^7.21.0":
  "integrity" "sha512-HfK1aMRanKHpxemaY2gqBmL04iAPOPRj7DxtNbiDOrJK+gdwkiNRVpCpUJYbUT+aZyemKN8brqTOxzCaG6ExRg=="
  "resolved" "https://registry.npmjs.org/@babel/helper-function-name/-/helper-function-name-7.21.0.tgz"
  "version" "7.21.0"
  dependencies:
    "@babel/template" "^7.20.7"
    "@babel/types" "^7.21.0"

"@babel/helper-hoist-variables@^7.18.6":
  "integrity" "sha512-UlJQPkFqFULIcyW5sbzgbkxn2FKRgwWiRexcuaR8RNJRy8+LLveqPjwZV/bwrLZCN0eUHD/x8D0heK1ozuoo6Q=="
  "resolved" "https://registry.npmjs.org/@babel/helper-hoist-variables/-/helper-hoist-variables-7.18.6.tgz"
  "version" "7.18.6"
  dependencies:
    "@babel/types" "^7.18.6"

"@babel/helper-module-imports@^7.18.6":
  "integrity" "sha512-orajc5T2PsRYUN3ZryCEFeMDYwyw09c/pZeaQEZPH0MpKzSvn3e0uXsDBu3k03VI+9DBiRo+l22BfKTpKwa/Wg=="
  "resolved" "https://registry.npmjs.org/@babel/helper-module-imports/-/helper-module-imports-7.21.4.tgz"
  "version" "7.21.4"
  dependencies:
    "@babel/types" "^7.21.4"

"@babel/helper-module-transforms@^7.21.2":
  "integrity" "sha512-79yj2AR4U/Oqq/WOV7Lx6hUjau1Zfo4cI+JLAVYeMV5XIlbOhmjEk5ulbTc9fMpmlojzZHkUUxAiK+UKn+hNQQ=="
  "resolved" "https://registry.npmjs.org/@babel/helper-module-transforms/-/helper-module-transforms-7.21.2.tgz"
  "version" "7.21.2"
  dependencies:
    "@babel/helper-environment-visitor" "^7.18.9"
    "@babel/helper-module-imports" "^7.18.6"
    "@babel/helper-simple-access" "^7.20.2"
    "@babel/helper-split-export-declaration" "^7.18.6"
    "@babel/helper-validator-identifier" "^7.19.1"
    "@babel/template" "^7.20.7"
    "@babel/traverse" "^7.21.2"
    "@babel/types" "^7.21.2"

"@babel/helper-plugin-utils@^7.19.0", "@babel/helper-plugin-utils@^7.20.2":
  "integrity" "sha512-8RvlJG2mj4huQ4pZ+rU9lqKi9ZKiRmuvGuM2HlWmkmgOhbs6zEAw6IEiJ5cQqGbDzGZOhwuOQNtZMi/ENLjZoQ=="
  "resolved" "https://registry.npmjs.org/@babel/helper-plugin-utils/-/helper-plugin-utils-7.20.2.tgz"
  "version" "7.20.2"

"@babel/helper-simple-access@^7.20.2":
  "integrity" "sha512-+0woI/WPq59IrqDYbVGfshjT5Dmk/nnbdpcF8SnMhhXObpTq2KNBdLFRFrkVdbDOyUmHBCxzm5FHV1rACIkIbA=="
  "resolved" "https://registry.npmjs.org/@babel/helper-simple-access/-/helper-simple-access-7.20.2.tgz"
  "version" "7.20.2"
  dependencies:
    "@babel/types" "^7.20.2"

"@babel/helper-split-export-declaration@^7.18.6":
  "integrity" "sha512-bde1etTx6ZyTmobl9LLMMQsaizFVZrquTEHOqKeQESMKo4PlObf+8+JA25ZsIpZhT/WEd39+vOdLXAFG/nELpA=="
  "resolved" "https://registry.npmjs.org/@babel/helper-split-export-declaration/-/helper-split-export-declaration-7.18.6.tgz"
  "version" "7.18.6"
  dependencies:
    "@babel/types" "^7.18.6"

"@babel/helper-string-parser@^7.19.4":
  "integrity" "sha512-nHtDoQcuqFmwYNYPz3Rah5ph2p8PFeFCsZk9A/48dPc/rGocJ5J3hAAZ7pb76VWX3fZKu+uEr/FhH5jLx7umrw=="
  "resolved" "https://registry.npmjs.org/@babel/helper-string-parser/-/helper-string-parser-7.19.4.tgz"
  "version" "7.19.4"

"@babel/helper-validator-identifier@^7.18.6", "@babel/helper-validator-identifier@^7.19.1":
  "integrity" "sha512-awrNfaMtnHUr653GgGEs++LlAvW6w+DcPrOliSMXWCKo597CwL5Acf/wWdNkf/tfEQE3mjkeD1YOVZOUV/od1w=="
  "resolved" "https://registry.npmjs.org/@babel/helper-validator-identifier/-/helper-validator-identifier-7.19.1.tgz"
  "version" "7.19.1"

"@babel/helper-validator-option@^7.21.0":
  "integrity" "sha512-rmL/B8/f0mKS2baE9ZpyTcTavvEuWhTTW8amjzXNvYG4AwBsqTLikfXsEofsJEfKHf+HQVQbFOHy6o+4cnC/fQ=="
  "resolved" "https://registry.npmjs.org/@babel/helper-validator-option/-/helper-validator-option-7.21.0.tgz"
  "version" "7.21.0"

"@babel/helpers@^7.21.0":
  "integrity" "sha512-XXve0CBtOW0pd7MRzzmoyuSj0e3SEzj8pgyFxnTT1NJZL38BD1MK7yYrm8yefRPIDvNNe14xR4FdbHwpInD4rA=="
  "resolved" "https://registry.npmjs.org/@babel/helpers/-/helpers-7.21.0.tgz"
  "version" "7.21.0"
  dependencies:
    "@babel/template" "^7.20.7"
    "@babel/traverse" "^7.21.0"
    "@babel/types" "^7.21.0"

"@babel/highlight@^7.18.6":
  "integrity" "sha512-u7stbOuYjaPezCuLj29hNW1v64M2Md2qupEKP1fHc7WdOA3DgLh37suiSrZYY7haUB7iBeQZ9P1uiRF359do3g=="
  "resolved" "https://registry.npmjs.org/@babel/highlight/-/highlight-7.18.6.tgz"
  "version" "7.18.6"
  dependencies:
    "@babel/helper-validator-identifier" "^7.18.6"
    "chalk" "^2.0.0"
    "js-tokens" "^4.0.0"

"@babel/parser@^7.20.7", "@babel/parser@^7.21.4":
  "integrity" "sha512-alVJj7k7zIxqBZ7BTRhz0IqJFxW1VJbm6N8JbcYhQ186df9ZBPbZBmWSqAMXwHGsCJdYks7z/voa3ibiS5bCIw=="
  "resolved" "https://registry.npmjs.org/@babel/parser/-/parser-7.21.4.tgz"
  "version" "7.21.4"

"@babel/plugin-transform-react-jsx-self@^7.18.6":
  "integrity" "sha512-f/Eq+79JEu+KUANFks9UZCcvydOOGMgF7jBrcwjHa5jTZD8JivnhCJYvmlhR/WTXBWonDExPoW0eO/CR4QJirA=="
  "resolved" "https://registry.npmjs.org/@babel/plugin-transform-react-jsx-self/-/plugin-transform-react-jsx-self-7.21.0.tgz"
  "version" "7.21.0"
  dependencies:
    "@babel/helper-plugin-utils" "^7.20.2"

"@babel/plugin-transform-react-jsx-source@^7.19.6":
  "integrity" "sha512-RpAi004QyMNisst/pvSanoRdJ4q+jMCWyk9zdw/CyLB9j8RXEahodR6l2GyttDRyEVWZtbN+TpLiHJ3t34LbsQ=="
  "resolved" "https://registry.npmjs.org/@babel/plugin-transform-react-jsx-source/-/plugin-transform-react-jsx-source-7.19.6.tgz"
  "version" "7.19.6"
  dependencies:
    "@babel/helper-plugin-utils" "^7.19.0"

"@babel/runtime@^7.14.8":
  "integrity" "sha512-xwII0//EObnq89Ji5AKYQaRYiW/nZ3llSv29d49IuxPhKbtJoLP+9QUUZ4nVragQVtaVGeZrpB+ZtG/Pdy/POw=="
  "resolved" "https://registry.npmjs.org/@babel/runtime/-/runtime-7.21.0.tgz"
  "version" "7.21.0"
  dependencies:
    "regenerator-runtime" "^0.13.11"

"@babel/template@^7.20.7":
  "integrity" "sha512-8SegXApWe6VoNw0r9JHpSteLKTpTiLZ4rMlGIm9JQ18KiCtyQiAMEazujAHrUS5flrcqYZa75ukev3P6QmUwUw=="
  "resolved" "https://registry.npmjs.org/@babel/template/-/template-7.20.7.tgz"
  "version" "7.20.7"
  dependencies:
    "@babel/code-frame" "^7.18.6"
    "@babel/parser" "^7.20.7"
    "@babel/types" "^7.20.7"

"@babel/traverse@^7.21.0", "@babel/traverse@^7.21.2", "@babel/traverse@^7.21.4":
  "integrity" "sha512-eyKrRHKdyZxqDm+fV1iqL9UAHMoIg0nDaGqfIOd8rKH17m5snv7Gn4qgjBoFfLz9APvjFU/ICT00NVCv1Epp8Q=="
  "resolved" "https://registry.npmjs.org/@babel/traverse/-/traverse-7.21.4.tgz"
  "version" "7.21.4"
  dependencies:
    "@babel/code-frame" "^7.21.4"
    "@babel/generator" "^7.21.4"
    "@babel/helper-environment-visitor" "^7.18.9"
    "@babel/helper-function-name" "^7.21.0"
    "@babel/helper-hoist-variables" "^7.18.6"
    "@babel/helper-split-export-declaration" "^7.18.6"
    "@babel/parser" "^7.21.4"
    "@babel/types" "^7.21.4"
    "debug" "^4.1.0"
    "globals" "^11.1.0"

"@babel/types@^7.18.6", "@babel/types@^7.20.2", "@babel/types@^7.20.7", "@babel/types@^7.21.0", "@babel/types@^7.21.2", "@babel/types@^7.21.4":
  "integrity" "sha512-rU2oY501qDxE8Pyo7i/Orqma4ziCOrby0/9mvbDUGEfvZjb279Nk9k19e2fiCxHbRRpY2ZyrgW1eq22mvmOIzA=="
  "resolved" "https://registry.npmjs.org/@babel/types/-/types-7.21.4.tgz"
  "version" "7.21.4"
  dependencies:
    "@babel/helper-string-parser" "^7.19.4"
    "@babel/helper-validator-identifier" "^7.19.1"
    "to-fast-properties" "^2.0.0"

"@esbuild/darwin-x64@0.17.15":
  "integrity" "sha512-NbImBas2rXwYI52BOKTW342Tm3LTeVlaOQ4QPZ7XuWNKiO226DisFk/RyPk3T0CKZkKMuU69yOvlapJEmax7cg=="
  "resolved" "https://registry.npmjs.org/@esbuild/darwin-x64/-/darwin-x64-0.17.15.tgz"
  "version" "0.17.15"

"@jridgewell/gen-mapping@^0.1.0":
  "integrity" "sha512-sQXCasFk+U8lWYEe66WxRDOE9PjVz4vSM51fTu3Hw+ClTpUSQb718772vH3pyS5pShp6lvQM7SxgIDXXXmOX7w=="
  "resolved" "https://registry.npmjs.org/@jridgewell/gen-mapping/-/gen-mapping-0.1.1.tgz"
  "version" "0.1.1"
  dependencies:
    "@jridgewell/set-array" "^1.0.0"
    "@jridgewell/sourcemap-codec" "^1.4.10"

"@jridgewell/gen-mapping@^0.3.2":
  "integrity" "sha512-mh65xKQAzI6iBcFzwv28KVWSmCkdRBWoOh+bYQGW3+6OZvbbN3TqMGo5hqYxQniRcH9F2VZIoJCm4pa3BPDK/A=="
  "resolved" "https://registry.npmjs.org/@jridgewell/gen-mapping/-/gen-mapping-0.3.2.tgz"
  "version" "0.3.2"
  dependencies:
    "@jridgewell/set-array" "^1.0.1"
    "@jridgewell/sourcemap-codec" "^1.4.10"
    "@jridgewell/trace-mapping" "^0.3.9"

"@jridgewell/resolve-uri@3.1.0":
  "integrity" "sha512-F2msla3tad+Mfht5cJq7LSXcdudKTWCVYUgw6pLFOOHSTtZlj6SWNYAp+AhuqLmWdBO2X5hPrLcu8cVP8fy28w=="
  "resolved" "https://registry.npmjs.org/@jridgewell/resolve-uri/-/resolve-uri-3.1.0.tgz"
  "version" "3.1.0"

"@jridgewell/set-array@^1.0.0", "@jridgewell/set-array@^1.0.1":
  "integrity" "sha512-xnkseuNADM0gt2bs+BvhO0p78Mk762YnZdsuzFV018NoG1Sj1SCQvpSqa7XUaTam5vAGasABV9qXASMKnFMwMw=="
  "resolved" "https://registry.npmjs.org/@jridgewell/set-array/-/set-array-1.1.2.tgz"
  "version" "1.1.2"

"@jridgewell/sourcemap-codec@^1.4.10", "@jridgewell/sourcemap-codec@^1.4.13", "@jridgewell/sourcemap-codec@1.4.14":
  "integrity" "sha512-XPSJHWmi394fuUuzDnGz1wiKqWfo1yXecHQMRf2l6hztTO+nPru658AyDngaBe7isIxEkRsPR3FZh+s7iVa4Uw=="
  "resolved" "https://registry.npmjs.org/@jridgewell/sourcemap-codec/-/sourcemap-codec-1.4.14.tgz"
  "version" "1.4.14"

"@jridgewell/trace-mapping@^0.3.17", "@jridgewell/trace-mapping@^0.3.9":
  "integrity" "sha512-MCNzAp77qzKca9+W/+I0+sEpaUnZoeasnghNeVc41VZCEKaCH73Vq3BZZ/SzWIgrqE4H4ceI+p+b6C0mHf9T4g=="
  "resolved" "https://registry.npmjs.org/@jridgewell/trace-mapping/-/trace-mapping-0.3.17.tgz"
  "version" "0.3.17"
  dependencies:
    "@jridgewell/resolve-uri" "3.1.0"
    "@jridgewell/sourcemap-codec" "1.4.14"

"@pixi/accessibility@7.2.3":
  "integrity" "sha512-uQ0JA/n1qF3UtWKF5nYnwH0X+qc23+jR4gzPuASrO8XlKQ/HmmiCs2vkUyJoA4vIXtyBmFxPC5Tmfex69NwnSQ=="
  "resolved" "https://registry.npmjs.org/@pixi/accessibility/-/accessibility-7.2.3.tgz"
  "version" "7.2.3"

"@pixi/app@>=6.0.0", "@pixi/app@7.2.3":
  "integrity" "sha512-KK2KDozY987VPaMuXuL2q9vfJLZInxgITFi9QxEzcGxD4WWvVIdLBPOv3m18sB8i3HTafJb/b6x3n6/7RNhzEA=="
  "resolved" "https://registry.npmjs.org/@pixi/app/-/app-7.2.3.tgz"
  "version" "7.2.3"

"@pixi/assets@7.2.3":
  "integrity" "sha512-hgekRX8ujawwOoysm+QPOP50yyn9UnQOnWzzZPzm6TYQ9hg6zyCpV9ycP0szhzDGGz0haqOj23pA2A2fE2ENIQ=="
  "resolved" "https://registry.npmjs.org/@pixi/assets/-/assets-7.2.3.tgz"
  "version" "7.2.3"
  dependencies:
    "@types/css-font-loading-module" "^0.0.7"

"@pixi/color@7.2.3":
  "integrity" "sha512-xhU2Hzuou9DhmQCvUPR5ZuoqAM6hV6OuuW2qk8aIKjFDrvtcTvwPHU3nLpIBNvRcEqkDBV5whBvaMTjjD/G1Cw=="
  "resolved" "https://registry.npmjs.org/@pixi/color/-/color-7.2.3.tgz"
  "version" "7.2.3"
  dependencies:
    "colord" "^2.9.3"

"@pixi/compressed-textures@7.2.3":
  "integrity" "sha512-yfbJlldX5LMYcwmDqW1RpZGHKSDuBUFvFe8+m1hq58GTQUW0Z7gtltr2nJJS0+tj65AETVzaXpKocd4auHLvPQ=="
  "resolved" "https://registry.npmjs.org/@pixi/compressed-textures/-/compressed-textures-7.2.3.tgz"
  "version" "7.2.3"

"@pixi/constants@>=6.0.0", "@pixi/constants@7.2.3":
  "integrity" "sha512-Qo4IiAOvlxH8ci/GoR83NwM5KtaLLKQIoJTj6oG9D+ZJfy062t6040HgmZr/k0+6jqTESbWpH+J/LE7K9AIiQw=="
  "resolved" "https://registry.npmjs.org/@pixi/constants/-/constants-7.2.3.tgz"
  "version" "7.2.3"

"@pixi/core@>=6.0.0", "@pixi/core@7.2.3":
  "integrity" "sha512-nQT4YFM4BwjBmW69tTLDJuP6qxodTR1QKnOxTugSkwnJoi0xyiXILryF/AVHqnPDYvdJ9iuORnVRcEuQfk436Q=="
  "resolved" "https://registry.npmjs.org/@pixi/core/-/core-7.2.3.tgz"
  "version" "7.2.3"
  dependencies:
    "@pixi/color" "7.2.3"
    "@pixi/constants" "7.2.3"
    "@pixi/extensions" "7.2.3"
    "@pixi/math" "7.2.3"
    "@pixi/runner" "7.2.3"
    "@pixi/settings" "7.2.3"
    "@pixi/ticker" "7.2.3"
    "@pixi/utils" "7.2.3"
    "@types/offscreencanvas" "^2019.6.4"

"@pixi/display@>=6.0.0", "@pixi/display@7.2.3":
  "integrity" "sha512-bJGH9YpMCWCKKBNJ0Qkqg4BeprXx+tb0Dp1sxbWuqtgkWRHDmgMYZp55W6iZgrCq7ucW2rWXoZus4PWRM6BvZQ=="
  "resolved" "https://registry.npmjs.org/@pixi/display/-/display-7.2.3.tgz"
  "version" "7.2.3"

"@pixi/events@7.2.3":
  "integrity" "sha512-+XKBEr3ZULdYlov0up7PrcwJ9+cDvI2y+S+2xWMR9EmKTKgsCfAF3WNh1EfDM8Eixa+5FXvHceepBbyIbH7lTw=="
  "resolved" "https://registry.npmjs.org/@pixi/events/-/events-7.2.3.tgz"
  "version" "7.2.3"

"@pixi/extensions@>=6.0.0", "@pixi/extensions@7.2.3":
  "integrity" "sha512-HpNk531MEbIQtukGCuKI8JWhHTFL1wE8NMOQvtk1stJHZ19clLowHR8sTGnJhSfSWKcAF35u5vmTje5t5VvELQ=="
  "resolved" "https://registry.npmjs.org/@pixi/extensions/-/extensions-7.2.3.tgz"
  "version" "7.2.3"

"@pixi/extract@7.2.3":
  "integrity" "sha512-TpZ8YGw3KiIjjX6HaW3yCdBKz+oANyQlla3d+GXckYuHGt50JyOtRN2ZjcGVYjNk9pDuPpSCIHOMqrB5rWO4ow=="
  "resolved" "https://registry.npmjs.org/@pixi/extract/-/extract-7.2.3.tgz"
  "version" "7.2.3"

"@pixi/filter-alpha@7.2.3":
  "integrity" "sha512-u7ipPjrLvJt0oB+s5O/SxsF/JOCo3QVZjqIaeD4LGKMaTcthzw/LS3K/5Lw+Vwz2hfVbrhgJRQMqaxAHRNzM1g=="
  "resolved" "https://registry.npmjs.org/@pixi/filter-alpha/-/filter-alpha-7.2.3.tgz"
  "version" "7.2.3"

"@pixi/filter-blur@7.2.3":
  "integrity" "sha512-CFGkb4tzhIVK4y18ZRERkBafV2NPI4mKXMFy3ThnmJNl20fuXt+F/7Qlnnhq2IFo9HhNlxW5hJCAOXodabX01Q=="
  "resolved" "https://registry.npmjs.org/@pixi/filter-blur/-/filter-blur-7.2.3.tgz"
  "version" "7.2.3"

"@pixi/filter-color-matrix@7.2.3":
  "integrity" "sha512-5oJ9LAXvQUDmcd/JNW42v8njdqgScGKzHiqaQL4oo37o80oiVaLbr9Kp3Q3LTmqM+7YzM0K2Mc7BjlBJMDlWjg=="
  "resolved" "https://registry.npmjs.org/@pixi/filter-color-matrix/-/filter-color-matrix-7.2.3.tgz"
  "version" "7.2.3"

"@pixi/filter-displacement@7.2.3":
  "integrity" "sha512-HZnEFgLAai4ycMVZ8HHGokFIc+tZfy2MYTiQBUDlgCkZjV5UGswjcOrKsbJRcICcTHg8zeAlt8VyHyk0Ct57VQ=="
  "resolved" "https://registry.npmjs.org/@pixi/filter-displacement/-/filter-displacement-7.2.3.tgz"
  "version" "7.2.3"

"@pixi/filter-fxaa@7.2.3":
  "integrity" "sha512-bhWXxp3uV4zIz+DHH18/eXy3YcYr7PtY5XuyEVslKpYCi43Vy/ztZg3o24GBVC9r+8TDRiouDpo+6J0CclOIqQ=="
  "resolved" "https://registry.npmjs.org/@pixi/filter-fxaa/-/filter-fxaa-7.2.3.tgz"
  "version" "7.2.3"

"@pixi/filter-noise@7.2.3":
  "integrity" "sha512-ITHGobXsuM9pCwroJg1xNiULD0r3au4wqpRLXNOeqK7nWbUK3dP7/t9oIxon8RWVHMnVQeIk7zEGskqGaaLMCw=="
  "resolved" "https://registry.npmjs.org/@pixi/filter-noise/-/filter-noise-7.2.3.tgz"
  "version" "7.2.3"

"@pixi/graphics@>=6.0.0", "@pixi/graphics@7.2.3":
  "integrity" "sha512-WHMRUSQNDaIT+pg/HD8VJQxs5PvazxRHMyCdmbl4TeaTj5H1w7njGvqtmD0RJshy52/PXbCEyTAkg3xKdrl60g=="
  "resolved" "https://registry.npmjs.org/@pixi/graphics/-/graphics-7.2.3.tgz"
  "version" "7.2.3"

"@pixi/math@>=6.0.0", "@pixi/math@7.2.3":
  "integrity" "sha512-aZgI5bz0aiKHh8X0a/sIKaWU78/tcpxpVfPt4IXYB/Yj4cskSwFoYS7a4kSv3s1bprpK/54hJK9x4RmHb/VPhQ=="
  "resolved" "https://registry.npmjs.org/@pixi/math/-/math-7.2.3.tgz"
  "version" "7.2.3"

"@pixi/mesh-extras@>=6.0.0", "@pixi/mesh-extras@7.2.3":
  "integrity" "sha512-Fa3E/wl6IJdbiQsiLDCEDUDq/jmFJJEgPLXMClm+56Av6L0BbvkZvf1eO1mdhbT4V7EFLPnqbE5S/wZBYeomEg=="
  "resolved" "https://registry.npmjs.org/@pixi/mesh-extras/-/mesh-extras-7.2.3.tgz"
  "version" "7.2.3"

"@pixi/mesh@>=6.0.0", "@pixi/mesh@7.2.3":
  "integrity" "sha512-5y329KPWDSiTZUj+4A/bhIpckgXPonAKUNnMjZgnX70zvuqVus59OCV8QC2NoJqSMUxgJbcntRx5lkb81NUWXQ=="
  "resolved" "https://registry.npmjs.org/@pixi/mesh/-/mesh-7.2.3.tgz"
  "version" "7.2.3"

"@pixi/mixin-cache-as-bitmap@7.2.3":
  "integrity" "sha512-6MQv4L8IffsWtWQgqSu6ib1HAMi3kC0cHaCME4sbhEjPqNysJDpPvI3riS8bg7R4NCSPrCNr9Uoq18zNfLHcVw=="
  "resolved" "https://registry.npmjs.org/@pixi/mixin-cache-as-bitmap/-/mixin-cache-as-bitmap-7.2.3.tgz"
  "version" "7.2.3"

"@pixi/mixin-get-child-by-name@7.2.3":
  "integrity" "sha512-UnS0lGSb64SwrCXeJ1KwgDOPimQlHFNpBxQ1/R4aS/gIxkdibP1sYSoJ0Hed6t161XnTb4meQefoOMmNVA9xrg=="
  "resolved" "https://registry.npmjs.org/@pixi/mixin-get-child-by-name/-/mixin-get-child-by-name-7.2.3.tgz"
  "version" "7.2.3"

"@pixi/mixin-get-global-position@7.2.3":
  "integrity" "sha512-igWb2Uj89Bk+NopcWD5mFnWMQHFgb2CQ3jct+QNljxyDscX2soK5YA8sscCKl3mnwpVlN/OSrMlvaw2IiACytg=="
  "resolved" "https://registry.npmjs.org/@pixi/mixin-get-global-position/-/mixin-get-global-position-7.2.3.tgz"
  "version" "7.2.3"

"@pixi/particle-container@>=6.0.0", "@pixi/particle-container@7.2.3":
  "integrity" "sha512-wrKQrCvpv3qytd5tGB1nhkE9euZDH9uqbze3o1BOwfdA3GzACgqpKVEh8DaoTv4cCQC3mpPa5g76+/yutFskEg=="
  "resolved" "https://registry.npmjs.org/@pixi/particle-container/-/particle-container-7.2.3.tgz"
  "version" "7.2.3"

"@pixi/prepare@7.2.3":
  "integrity" "sha512-CGz+th/MumXfaC7CjZSkSvz25lLUpmS4dIJiO6MSCqv8w8kMzNnr5T858Za5p7pYRv0e0M5JHRBs7+9WMXKrOA=="
  "resolved" "https://registry.npmjs.org/@pixi/prepare/-/prepare-7.2.3.tgz"
  "version" "7.2.3"

"@pixi/react@^7.0.3":
  "integrity" "sha512-2JrQSHS2oScBT2jY6/hfQh+0i0UNiQPyvMJOyZUQwRmAVHnbZwTqszSb3PxhZ2CAb4YFUErR0OkLWwbTdRz2Fg=="
  "resolved" "https://registry.npmjs.org/@pixi/react/-/react-7.0.3.tgz"
  "version" "7.0.3"
  dependencies:
    "lodash.isnil" "4.0.0"
    "lodash.times" "4.3.2"
    "performance-now" "2.1.0"
    "prop-types" "^15.8.1"

"@pixi/runner@7.2.3":
  "integrity" "sha512-VME2Mb4esuen6GAYt7fRKmZuiOX84QU3uPtUx8vPM6oSz2Mm8/RAVHoei9aTjBMXBzOxa/tvxeV4R0L6qYUggg=="
  "resolved" "https://registry.npmjs.org/@pixi/runner/-/runner-7.2.3.tgz"
  "version" "7.2.3"

"@pixi/settings@7.2.3":
  "integrity" "sha512-6igzYiVCQ/zxwMGvSMTuZ517Obf3GuXXgXUD0Gyp/gh7IB3w1yq0Zw8A8s3TyjIH1CWlGiXbcsV9R8GZnXsc3g=="
  "resolved" "https://registry.npmjs.org/@pixi/settings/-/settings-7.2.3.tgz"
  "version" "7.2.3"
  dependencies:
    "@pixi/constants" "7.2.3"
    "@types/css-font-loading-module" "^0.0.7"
    "ismobilejs" "^1.1.0"

"@pixi/sprite-animated@>=6.0.0", "@pixi/sprite-animated@7.2.3":
  "integrity" "sha512-JMwOXjctJ++UWTnvcaVfEmv0xeG9T8luBcLfEexV4iFz3gsZkQpHzoeVC69w5rO3SAw6x3RVz0jGAJyHDfTdBQ=="
  "resolved" "https://registry.npmjs.org/@pixi/sprite-animated/-/sprite-animated-7.2.3.tgz"
  "version" "7.2.3"

"@pixi/sprite-tiling@>=6.0.0", "@pixi/sprite-tiling@7.2.3":
  "integrity" "sha512-pzwbgoFcKFcb7c/SV2MBilUa/8P/j44yWKnrwtdDJihWl0+ObhWQhlWWVE+89cJveeI0qKNCMVHJGvVgg60l/g=="
  "resolved" "https://registry.npmjs.org/@pixi/sprite-tiling/-/sprite-tiling-7.2.3.tgz"
  "version" "7.2.3"

"@pixi/sprite@>=6.0.0", "@pixi/sprite@7.2.3":
  "integrity" "sha512-NsprxlVBgBWTucL7XdJZ22zkhvqxnuVPLTRSL6KciGx8ZsQfmJCEsS3+jmbXQ5H8zkKFviVHYjx5T5qup5KILQ=="
  "resolved" "https://registry.npmjs.org/@pixi/sprite/-/sprite-7.2.3.tgz"
  "version" "7.2.3"

"@pixi/spritesheet@7.2.3":
  "integrity" "sha512-V6WML/vUIDXP2BaaiVyzmeP1nBZS61/G6AySRIeLQJajF8oS/bJA92yYdHjyW2nTF6iAzlLJRYfYwMJRe0Dmkw=="
  "resolved" "https://registry.npmjs.org/@pixi/spritesheet/-/spritesheet-7.2.3.tgz"
  "version" "7.2.3"

"@pixi/text-bitmap@>=6.0.0", "@pixi/text-bitmap@7.2.3":
  "integrity" "sha512-25jiR3TkMtunuO3pIWg6gDDR3LD4KASaKaLssF6TKTUdqUbYNiS8EhH83T4jfUsu8S6b6NY34JDkQl6HFNqQSA=="
  "resolved" "https://registry.npmjs.org/@pixi/text-bitmap/-/text-bitmap-7.2.3.tgz"
  "version" "7.2.3"

"@pixi/text-html@7.2.3":
  "integrity" "sha512-bSf51sh1K17jZfARa/AhsDGFabSI0sMUnqw14z7Z4bUUPCCK/mNKCJS8Cqf0/U+Fow3/N0luef1qFZentxM6ag=="
  "resolved" "https://registry.npmjs.org/@pixi/text-html/-/text-html-7.2.3.tgz"
  "version" "7.2.3"

"@pixi/text@>=6.0.0", "@pixi/text@7.2.3":
  "integrity" "sha512-59/6oawcDfqnj3uom4pb5lFjMcPS3ybrZIX3ELJ4szit1K26kWKO67eBmVEnixIXH3KFsuo+RORixjaXD3259Q=="
  "resolved" "https://registry.npmjs.org/@pixi/text/-/text-7.2.3.tgz"
  "version" "7.2.3"

"@pixi/ticker@>=6.0.0", "@pixi/ticker@7.2.3":
  "integrity" "sha512-ad8v5PLG4Lyr1Botx65mh6SenQwnJWSjmYOgzzv320xQIim4l0dBIifB6np+Ro8hD0BTJ3Mc+AY9Q5SH9eU+7Q=="
  "resolved" "https://registry.npmjs.org/@pixi/ticker/-/ticker-7.2.3.tgz"
  "version" "7.2.3"
  dependencies:
    "@pixi/extensions" "7.2.3"
    "@pixi/settings" "7.2.3"
    "@pixi/utils" "7.2.3"

"@pixi/utils@7.2.3":
  "integrity" "sha512-LinLIRJs/h4ZKFz2G8mwjbApsQK6908zjTrHCnyvIxnAdHvkJiLbj6/HlaKZRFvk1JrCrXxtLUz9+DkCEpeq9A=="
  "resolved" "https://registry.npmjs.org/@pixi/utils/-/utils-7.2.3.tgz"
  "version" "7.2.3"
  dependencies:
    "@pixi/color" "7.2.3"
    "@pixi/constants" "7.2.3"
    "@pixi/settings" "7.2.3"
    "@types/earcut" "^2.1.0"
    "earcut" "^2.2.4"
    "eventemitter3" "^4.0.0"
    "url" "^0.11.0"

"@types/css-font-loading-module@^0.0.7":
  "integrity" "sha512-nl09VhutdjINdWyXxHWN/w9zlNCfr60JUqJbd24YXUuCwgeL0TpFSdElCwb6cxfB6ybE19Gjj4g0jsgkXxKv1Q=="
  "resolved" "https://registry.npmjs.org/@types/css-font-loading-module/-/css-font-loading-module-0.0.7.tgz"
  "version" "0.0.7"

"@types/earcut@^2.1.0":
  "integrity" "sha512-w8oigUCDjElRHRRrMvn/spybSMyX8MTkKA5Dv+tS1IE/TgmNZPqUYtvYBXGY8cieSE66gm+szeK+bnbxC2xHTQ=="
  "resolved" "https://registry.npmjs.org/@types/earcut/-/earcut-2.1.1.tgz"
  "version" "2.1.1"

"@types/offscreencanvas@^2019.6.4":
  "integrity" "sha512-PGcyveRIpL1XIqK8eBsmRBt76eFgtzuPiSTyKHZxnGemp2yzGzWpjYKAfK3wIMiU7eH+851yEpiuP8JZerTmWg=="
  "resolved" "https://registry.npmjs.org/@types/offscreencanvas/-/offscreencanvas-2019.7.0.tgz"
  "version" "2019.7.0"

"@types/prop-types@*":
  "integrity" "sha512-JCB8C6SnDoQf0cNycqd/35A7MjcnK+ZTqE7judS6o7utxUCg6imJg3QK2qzHKszlTjcj2cn+NwMB2i96ubpj7w=="
  "resolved" "https://registry.npmjs.org/@types/prop-types/-/prop-types-15.7.5.tgz"
  "version" "15.7.5"

"@types/react-dom@^18.0.11":
  "integrity" "sha512-O38bPbI2CWtgw/OoQoY+BRelw7uysmXbWvw3nLWO21H1HSh+GOlqPuXshJfjmpNlKiiSDG9cc1JZAaMmVdcTlw=="
  "resolved" "https://registry.npmjs.org/@types/react-dom/-/react-dom-18.0.11.tgz"
  "version" "18.0.11"
  dependencies:
    "@types/react" "*"

"@types/react@*", "@types/react@^18.0.28":
  "integrity" "sha512-sHxzVxeanvQyQ1lr8NSHaj0kDzcNiGpILEVt69g9S31/7PfMvNCKLKcsHw4lYKjs3cGNJjXSP4mYzX43QlnjNA=="
  "resolved" "https://registry.npmjs.org/@types/react/-/react-18.0.33.tgz"
  "version" "18.0.33"
  dependencies:
    "@types/prop-types" "*"
    "@types/scheduler" "*"
    "csstype" "^3.0.2"

"@types/scheduler@*":
  "integrity" "sha512-5cJ8CB4yAx7BH1oMvdU0Jh9lrEXyPkar6F9G/ERswkCuvP4KQZfZkSjcMbAICCpQTN4OuZn8tz0HiKv9TGZgrQ=="
  "resolved" "https://registry.npmjs.org/@types/scheduler/-/scheduler-0.16.3.tgz"
  "version" "0.16.3"

"@vitejs/plugin-react@^3.1.0":
  "integrity" "sha512-AfgcRL8ZBhAlc3BFdigClmTUMISmmzHn7sB2h9U1odvc5U/MjWXsAaz18b/WoppUTDBzxOJwo2VdClfUcItu9g=="
  "resolved" "https://registry.npmjs.org/@vitejs/plugin-react/-/plugin-react-3.1.0.tgz"
  "version" "3.1.0"
  dependencies:
    "@babel/core" "^7.20.12"
    "@babel/plugin-transform-react-jsx-self" "^7.18.6"
    "@babel/plugin-transform-react-jsx-source" "^7.19.6"
    "magic-string" "^0.27.0"
    "react-refresh" "^0.14.0"

"ansi-styles@^3.2.1":
  "integrity" "sha512-VT0ZI6kZRdTh8YyJw3SMbYm/u+NqfsAxEpWO0Pf9sq8/e94WxxOpPKx9FR1FlyCtOVDNOQ+8ntlqFxiRc+r5qA=="
  "resolved" "https://registry.npmjs.org/ansi-styles/-/ansi-styles-3.2.1.tgz"
  "version" "3.2.1"
  dependencies:
    "color-convert" "^1.9.0"

"browserslist@^4.21.3", "browserslist@>= 4.21.0":
  "integrity" "sha512-tUkiguQGW7S3IhB7N+c2MV/HZPSCPAAiYBZXLsBhFB/PCy6ZKKsZrmBayHV9fdGV/ARIfJ14NkxKzRDjvp7L6w=="
  "resolved" "https://registry.npmjs.org/browserslist/-/browserslist-4.21.5.tgz"
  "version" "4.21.5"
  dependencies:
    "caniuse-lite" "^1.0.30001449"
    "electron-to-chromium" "^1.4.284"
    "node-releases" "^2.0.8"
    "update-browserslist-db" "^1.0.10"

"caniuse-lite@^1.0.30001449":
  "integrity" "sha512-iaIZ8gVrWfemh5DG3T9/YqarVZoYf0r188IjaGwx68j4Pf0SGY6CQkmJUIE+NZHkkecQGohzXmBGEwWDr9aM3Q=="
  "resolved" "https://registry.npmjs.org/caniuse-lite/-/caniuse-lite-1.0.30001474.tgz"
  "version" "1.0.30001474"

"chalk@^2.0.0":
  "integrity" "sha512-Mti+f9lpJNcwF4tWV8/OrTTtF1gZi+f8FqlyAdouralcFWFQWF2+NgCHShjkCb+IFBLq9buZwE1xckQU4peSuQ=="
  "resolved" "https://registry.npmjs.org/chalk/-/chalk-2.4.2.tgz"
  "version" "2.4.2"
  dependencies:
    "ansi-styles" "^3.2.1"
    "escape-string-regexp" "^1.0.5"
    "supports-color" "^5.3.0"

"color-convert@^1.9.0":
  "integrity" "sha512-QfAUtd+vFdAtFQcC8CCyYt1fYWxSqAiK2cSD6zDB8N3cpsEBAvRxp9zOGg6G/SHHJYAT88/az/IuDGALsNVbGg=="
  "resolved" "https://registry.npmjs.org/color-convert/-/color-convert-1.9.3.tgz"
  "version" "1.9.3"
  dependencies:
    "color-name" "1.1.3"

"color-name@1.1.3":
  "integrity" "sha512-72fSenhMw2HZMTVHeCA9KCmpEIbzWiQsjN+BHcBbS9vr1mtt+vJjPdksIBNUmKAW8TFUDPJK5SUU3QhE9NEXDw=="
  "resolved" "https://registry.npmjs.org/color-name/-/color-name-1.1.3.tgz"
  "version" "1.1.3"

"colord@^2.9.3":
  "integrity" "sha512-jeC1axXpnb0/2nn/Y1LPuLdgXBLH7aDcHu4KEKfqw3CUhX7ZpfBSlPKyqXE6btIgEzfWtrX3/tyBCaCvXvMkOw=="
  "resolved" "https://registry.npmjs.org/colord/-/colord-2.9.3.tgz"
  "version" "2.9.3"

"convert-source-map@^1.7.0":
  "integrity" "sha512-ASFBup0Mz1uyiIjANan1jzLQami9z1PoYSZCiiYW2FczPbenXc45FZdBZLzOT+r6+iciuEModtmCti+hjaAk0A=="
  "resolved" "https://registry.npmjs.org/convert-source-map/-/convert-source-map-1.9.0.tgz"
  "version" "1.9.0"

"csstype@^3.0.2":
  "integrity" "sha512-I7K1Uu0MBPzaFKg4nI5Q7Vs2t+3gWWW648spaF+Rg7pI9ds18Ugn+lvg4SHczUdKlHI5LWBXyqfS8+DufyBsgQ=="
  "resolved" "https://registry.npmjs.org/csstype/-/csstype-3.1.2.tgz"
  "version" "3.1.2"

"debug@^4.1.0":
  "integrity" "sha512-PRWFHuSU3eDtQJPvnNY7Jcket1j0t5OuOsFzPPzsekD52Zl8qUfFIPEiswXqIvHWGVHOgX+7G/vCNNhehwxfkQ=="
  "resolved" "https://registry.npmjs.org/debug/-/debug-4.3.4.tgz"
  "version" "4.3.4"
  dependencies:
    "ms" "2.1.2"

"earcut@^2.2.4":
  "integrity" "sha512-/pjZsA1b4RPHbeWZQn66SWS8nZZWLQQ23oE3Eam7aroEFGEvwKAsJfZ9ytiEMycfzXWpca4FA9QIOehf7PocBQ=="
  "resolved" "https://registry.npmjs.org/earcut/-/earcut-2.2.4.tgz"
  "version" "2.2.4"

"electron-to-chromium@^1.4.284":
  "integrity" "sha512-ikFUEyu5/q+wJpMOxWxTaEVk2M1qKqTGKKyfJmod1CPZxKfYnxVS41/GCBQg21ItBpZybyN8sNpRqCUGm+Zc4Q=="
  "resolved" "https://registry.npmjs.org/electron-to-chromium/-/electron-to-chromium-1.4.352.tgz"
  "version" "1.4.352"

"esbuild@^0.17.5":
  "integrity" "sha512-LBUV2VsUIc/iD9ME75qhT4aJj0r75abCVS0jakhFzOtR7TQsqQA5w0tZ+KTKnwl3kXE0MhskNdHDh/I5aCR1Zw=="
  "resolved" "https://registry.npmjs.org/esbuild/-/esbuild-0.17.15.tgz"
  "version" "0.17.15"
  optionalDependencies:
    "@esbuild/android-arm" "0.17.15"
    "@esbuild/android-arm64" "0.17.15"
    "@esbuild/android-x64" "0.17.15"
    "@esbuild/darwin-arm64" "0.17.15"
    "@esbuild/darwin-x64" "0.17.15"
    "@esbuild/freebsd-arm64" "0.17.15"
    "@esbuild/freebsd-x64" "0.17.15"
    "@esbuild/linux-arm" "0.17.15"
    "@esbuild/linux-arm64" "0.17.15"
    "@esbuild/linux-ia32" "0.17.15"
    "@esbuild/linux-loong64" "0.17.15"
    "@esbuild/linux-mips64el" "0.17.15"
    "@esbuild/linux-ppc64" "0.17.15"
    "@esbuild/linux-riscv64" "0.17.15"
    "@esbuild/linux-s390x" "0.17.15"
    "@esbuild/linux-x64" "0.17.15"
    "@esbuild/netbsd-x64" "0.17.15"
    "@esbuild/openbsd-x64" "0.17.15"
    "@esbuild/sunos-x64" "0.17.15"
    "@esbuild/win32-arm64" "0.17.15"
    "@esbuild/win32-ia32" "0.17.15"
    "@esbuild/win32-x64" "0.17.15"

"escalade@^3.1.1":
  "integrity" "sha512-k0er2gUkLf8O0zKJiAhmkTnJlTvINGv7ygDNPbeIsX/TJjGJZHuh9B2UxbsaEkmlEo9MfhrSzmhIlhRlI2GXnw=="
  "resolved" "https://registry.npmjs.org/escalade/-/escalade-3.1.1.tgz"
  "version" "3.1.1"

"escape-string-regexp@^1.0.5":
  "integrity" "sha512-vbRorB5FUQWvla16U8R/qgaFIya2qGzwDrNmCZuYKrbdSUMG6I1ZCGQRefkRVhuOkIGVne7BQ35DSfo1qvJqFg=="
  "resolved" "https://registry.npmjs.org/escape-string-regexp/-/escape-string-regexp-1.0.5.tgz"
  "version" "1.0.5"

"eventemitter3@^4.0.0":
  "integrity" "sha512-8guHBZCwKnFhYdHr2ysuRWErTwhoN2X8XELRlrRwpmfeY2jjuUN4taQMsULKUVo1K4DvZl+0pgfyoysHxvmvEw=="
  "resolved" "https://registry.npmjs.org/eventemitter3/-/eventemitter3-4.0.7.tgz"
  "version" "4.0.7"

"fsevents@~2.3.2":
  "integrity" "sha512-xiqMQR4xAeHTuB9uWm+fFRcIOgKBMiOBP+eXiyT7jsgVCq1bkVygt00oASowB7EdtpOHaaPgKt812P9ab+DDKA=="
  "resolved" "https://registry.npmjs.org/fsevents/-/fsevents-2.3.2.tgz"
  "version" "2.3.2"

"function-bind@^1.1.1":
  "integrity" "sha512-yIovAzMX49sF8Yl58fSCWJ5svSLuaibPxXQJFLmBObTuCr0Mf1KiPopGM9NiFjiYBCbfaa2Fh6breQ6ANVTI0A=="
  "resolved" "https://registry.npmjs.org/function-bind/-/function-bind-1.1.1.tgz"
  "version" "1.1.1"

"gensync@^1.0.0-beta.2":
  "integrity" "sha512-3hN7NaskYvMDLQY55gnW3NQ+mesEAepTqlg+VEbj7zzqEMBVNhzcGYYeqFo/TlYz6eQiFcp1HcsCZO+nGgS8zg=="
  "resolved" "https://registry.npmjs.org/gensync/-/gensync-1.0.0-beta.2.tgz"
  "version" "1.0.0-beta.2"

"globals@^11.1.0":
  "integrity" "sha512-WOBp/EEGUiIsJSp7wcv/y6MO+lV9UoncWqxuFfm8eBwzWNgyfBd6Gz+IeKQ9jCmyhoH99g15M3T+QaVHFjizVA=="
  "resolved" "https://registry.npmjs.org/globals/-/globals-11.12.0.tgz"
  "version" "11.12.0"

"has-flag@^3.0.0":
  "integrity" "sha512-sKJf1+ceQBr4SMkvQnBDNDtf4TXpVhVGateu0t918bl30FnbE2m4vNLX+VWe/dpjlb+HugGYzW7uQXH98HPEYw=="
  "resolved" "https://registry.npmjs.org/has-flag/-/has-flag-3.0.0.tgz"
  "version" "3.0.0"

"has@^1.0.3":
  "integrity" "sha512-f2dvO0VU6Oej7RkWJGrehjbzMAjFp5/VKPp5tTpWIV4JHHZK1/BxbFRtf/siA2SWTe09caDmVtYYzWEIbBS4zw=="
  "resolved" "https://registry.npmjs.org/has/-/has-1.0.3.tgz"
  "version" "1.0.3"
  dependencies:
    "function-bind" "^1.1.1"

"is-core-module@^2.9.0":
  "integrity" "sha512-RRjxlvLDkD1YJwDbroBHMb+cukurkDWNyHx7D3oNB5x9rb5ogcksMC5wHCadcXoo67gVr/+3GFySh3134zi6rw=="
  "resolved" "https://registry.npmjs.org/is-core-module/-/is-core-module-2.11.0.tgz"
  "version" "2.11.0"
  dependencies:
    "has" "^1.0.3"

"ismobilejs@^1.1.0":
  "integrity" "sha512-VaFW53yt8QO61k2WJui0dHf4SlL8lxBofUuUmwBo0ljPk0Drz2TiuDW4jo3wDcv41qy/SxrJ+VAzJ/qYqsmzRw=="
  "resolved" "https://registry.npmjs.org/ismobilejs/-/ismobilejs-1.1.1.tgz"
  "version" "1.1.1"

"js-tokens@^3.0.0 || ^4.0.0", "js-tokens@^4.0.0":
  "integrity" "sha512-RdJUflcE3cUzKiMqQgsCu06FPu9UdIJO0beYbPhHN4k6apgJtifcoCtT9bcxOpYBtpD2kCM6Sbzg4CausW/PKQ=="
  "resolved" "https://registry.npmjs.org/js-tokens/-/js-tokens-4.0.0.tgz"
  "version" "4.0.0"

"jsesc@^2.5.1":
  "integrity" "sha512-OYu7XEzjkCQ3C5Ps3QIZsQfNpqoJyZZA99wd9aWd05NCtC5pWOkShK2mkL6HXQR6/Cy2lbNdPlZBpuQHXE63gA=="
  "resolved" "https://registry.npmjs.org/jsesc/-/jsesc-2.5.2.tgz"
  "version" "2.5.2"

"json5@^2.2.2":
  "integrity" "sha512-XmOWe7eyHYH14cLdVPoyg+GOH3rYX++KpzrylJwSW98t3Nk+U8XOl8FWKOgwtzdb8lXGf6zYwDUzeHMWfxasyg=="
  "resolved" "https://registry.npmjs.org/json5/-/json5-2.2.3.tgz"
  "version" "2.2.3"

"lodash.isnil@4.0.0":
  "integrity" "sha512-up2Mzq3545mwVnMhTDMdfoG1OurpA/s5t88JmQX809eH3C8491iu2sfKhTfhQtKY78oPNhiaHJUpT/dUDAAtng=="
  "resolved" "https://registry.npmjs.org/lodash.isnil/-/lodash.isnil-4.0.0.tgz"
  "version" "4.0.0"

"lodash.times@4.3.2":
  "integrity" "sha512-FfaJzl0SA35CRPDh5SWe2BTght6y5KSK7yJv166qIp/8q7qOwBDCvuDZE2RUSMRpBkLF6rZKbLEUoTmaP3qg6A=="
  "resolved" "https://registry.npmjs.org/lodash.times/-/lodash.times-4.3.2.tgz"
  "version" "4.3.2"

"loose-envify@^1.1.0", "loose-envify@^1.4.0":
  "integrity" "sha512-lyuxPGr/Wfhrlem2CL/UcnUc1zcqKAImBDzukY7Y5F/yQiNdko6+fRLevlw1HgMySw7f611UIY408EtxRSoK3Q=="
  "resolved" "https://registry.npmjs.org/loose-envify/-/loose-envify-1.4.0.tgz"
  "version" "1.4.0"
  dependencies:
    "js-tokens" "^3.0.0 || ^4.0.0"

"lru-cache@^5.1.1":
  "integrity" "sha512-KpNARQA3Iwv+jTA0utUVVbrh+Jlrr1Fv0e56GGzAFOXN7dk/FviaDW8LHmK52DlcH4WP2n6gI8vN1aesBFgo9w=="
  "resolved" "https://registry.npmjs.org/lru-cache/-/lru-cache-5.1.1.tgz"
  "version" "5.1.1"
  dependencies:
    "yallist" "^3.0.2"

"magic-string@^0.27.0":
  "integrity" "sha512-8UnnX2PeRAPZuN12svgR9j7M1uWMovg/CEnIwIG0LFkXSJJe4PdfUGiTGl8V9bsBHFUtfVINcSyYxd7q+kx9fA=="
  "resolved" "https://registry.npmjs.org/magic-string/-/magic-string-0.27.0.tgz"
  "version" "0.27.0"
  dependencies:
    "@jridgewell/sourcemap-codec" "^1.4.13"

"ms@2.1.2":
  "integrity" "sha512-sGkPx+VjMtmA6MX27oA4FBFELFCZZ4S4XqeGOXCv68tT+jb3vk/RyaKWP0PTKyWtmLSM0b+adUTEvbs1PEaH2w=="
  "resolved" "https://registry.npmjs.org/ms/-/ms-2.1.2.tgz"
  "version" "2.1.2"

"nanoid@^3.3.4":
  "integrity" "sha512-BGcqMMJuToF7i1rt+2PWSNVnWIkGCU78jBG3RxO/bZlnZPK2Cmi2QaffxGO/2RvWi9sL+FAiRiXMgsyxQ1DIDA=="
  "resolved" "https://registry.npmjs.org/nanoid/-/nanoid-3.3.6.tgz"
  "version" "3.3.6"

"node-releases@^2.0.8":
  "integrity" "sha512-5GFldHPXVG/YZmFzJvKK2zDSzPKhEp0+ZR5SVaoSag9fsL5YgHbUHDfnG5494ISANDcK4KwPXAx2xqVEydmd7w=="
  "resolved" "https://registry.npmjs.org/node-releases/-/node-releases-2.0.10.tgz"
  "version" "2.0.10"

"object-assign@^4.1.1":
  "integrity" "sha512-rJgTQnkUnH1sFw8yT6VSU3zD3sWmu6sZhIseY8VX+GRu3P6F7Fu+JNDoXfklElbLJSnc3FUQHVe4cU5hj+BcUg=="
  "resolved" "https://registry.npmjs.org/object-assign/-/object-assign-4.1.1.tgz"
  "version" "4.1.1"

"path-parse@^1.0.7":
  "integrity" "sha512-LDJzPVEEEPR+y48z93A0Ed0yXb8pAByGWo/k5YYdYgpY2/2EsOsksJrq7lOHxryrVOn1ejG6oAp8ahvOIQD8sw=="
  "resolved" "https://registry.npmjs.org/path-parse/-/path-parse-1.0.7.tgz"
  "version" "1.0.7"

"performance-now@2.1.0":
  "integrity" "sha512-7EAHlyLHI56VEIdK57uwHdHKIaAGbnXPiw0yWbarQZOKaKpvUIgW0jWRVLiatnM+XXlSwsanIBH/hzGMJulMow=="
  "resolved" "https://registry.npmjs.org/performance-now/-/performance-now-2.1.0.tgz"
  "version" "2.1.0"

"picocolors@^1.0.0":
  "integrity" "sha512-1fygroTLlHu66zi26VoTDv8yRgm0Fccecssto+MhsZ0D/DGW2sm8E8AjW7NU5VVTRt5GxbeZ5qBuJr+HyLYkjQ=="
  "resolved" "https://registry.npmjs.org/picocolors/-/picocolors-1.0.0.tgz"
  "version" "1.0.0"

"pixi.js@^7.2.3":
  "integrity" "sha512-eYWCV+UeVdRnn3zIxgHXdetVv8EQ8veccvu0z06QM9fUa37+D2Jm7Vp3F+ox9E9RLmoNVhlezAIUaSG4m3BN3A=="
  "resolved" "https://registry.npmjs.org/pixi.js/-/pixi.js-7.2.3.tgz"
  "version" "7.2.3"
  dependencies:
    "@pixi/accessibility" "7.2.3"
    "@pixi/app" "7.2.3"
    "@pixi/assets" "7.2.3"
    "@pixi/compressed-textures" "7.2.3"
    "@pixi/core" "7.2.3"
    "@pixi/display" "7.2.3"
    "@pixi/events" "7.2.3"
    "@pixi/extensions" "7.2.3"
    "@pixi/extract" "7.2.3"
    "@pixi/filter-alpha" "7.2.3"
    "@pixi/filter-blur" "7.2.3"
    "@pixi/filter-color-matrix" "7.2.3"
    "@pixi/filter-displacement" "7.2.3"
    "@pixi/filter-fxaa" "7.2.3"
    "@pixi/filter-noise" "7.2.3"
    "@pixi/graphics" "7.2.3"
    "@pixi/mesh" "7.2.3"
    "@pixi/mesh-extras" "7.2.3"
    "@pixi/mixin-cache-as-bitmap" "7.2.3"
    "@pixi/mixin-get-child-by-name" "7.2.3"
    "@pixi/mixin-get-global-position" "7.2.3"
    "@pixi/particle-container" "7.2.3"
    "@pixi/prepare" "7.2.3"
    "@pixi/sprite" "7.2.3"
    "@pixi/sprite-animated" "7.2.3"
    "@pixi/sprite-tiling" "7.2.3"
    "@pixi/spritesheet" "7.2.3"
    "@pixi/text" "7.2.3"
    "@pixi/text-bitmap" "7.2.3"
    "@pixi/text-html" "7.2.3"

"postcss@^8.4.21":
  "integrity" "sha512-tP7u/Sn/dVxK2NnruI4H9BG+x+Wxz6oeZ1cJ8P6G/PZY0IKk4k/63TDsQf2kQq3+qoJeLm2kIBUNlZe3zgb4Zg=="
  "resolved" "https://registry.npmjs.org/postcss/-/postcss-8.4.21.tgz"
  "version" "8.4.21"
  dependencies:
    "nanoid" "^3.3.4"
    "picocolors" "^1.0.0"
    "source-map-js" "^1.0.2"

"prop-types@^15.8.1":
  "integrity" "sha512-oj87CgZICdulUohogVAR7AjlC0327U4el4L6eAvOqCeudMDVU0NThNaV+b9Df4dXgSP1gXMTnPdhfe/2qDH5cg=="
  "resolved" "https://registry.npmjs.org/prop-types/-/prop-types-15.8.1.tgz"
  "version" "15.8.1"
  dependencies:
    "loose-envify" "^1.4.0"
    "object-assign" "^4.1.1"
    "react-is" "^16.13.1"

"punycode@1.3.2":
  "integrity" "sha512-RofWgt/7fL5wP1Y7fxE7/EmTLzQVnB0ycyibJ0OOHIlJqTNzglYFxVwETOcIoJqJmpDXJ9xImDv+Fq34F/d4Dw=="
  "resolved" "https://registry.npmjs.org/punycode/-/punycode-1.3.2.tgz"
  "version" "1.3.2"

"querystring@0.2.0":
  "integrity" "sha512-X/xY82scca2tau62i9mDyU9K+I+djTMUsvwf7xnUX5GLvVzgJybOJf4Y6o9Zx3oJK/LSXg5tTZBjwzqVPaPO2g=="
  "resolved" "https://registry.npmjs.org/querystring/-/querystring-0.2.0.tgz"
  "version" "0.2.0"

"react-dom@^18.2.0", "react-dom@>=17.0.0":
  "integrity" "sha512-6IMTriUmvsjHUjNtEDudZfuDQUoWXVxKHhlEGSk81n4YFS+r/Kl99wXiwlVXtPBtJenozv2P+hxDsw9eA7Xo6g=="
  "resolved" "https://registry.npmjs.org/react-dom/-/react-dom-18.2.0.tgz"
  "version" "18.2.0"
  dependencies:
    "loose-envify" "^1.1.0"
    "scheduler" "^0.23.0"

"react-is@^16.13.1":
  "integrity" "sha512-24e6ynE2H+OKt4kqsOvNd8kBpV65zoxbA4BVsEOB3ARVWQki/DHzaUoC5KuON/BiccDaCCTZBuOcfZs70kR8bQ=="
  "resolved" "https://registry.npmjs.org/react-is/-/react-is-16.13.1.tgz"
  "version" "16.13.1"

"react-refresh@^0.14.0":
  "integrity" "sha512-wViHqhAd8OHeLS/IRMJjTSDHF3U9eWi62F/MledQGPdJGDhodXJ9PBLNGr6WWL7qlH12Mt3TyTpbS+hGXMjCzQ=="
  "resolved" "https://registry.npmjs.org/react-refresh/-/react-refresh-0.14.0.tgz"
  "version" "0.14.0"

"react@^18.2.0", "react@>=17.0.0":
  "integrity" "sha512-/3IjMdb2L9QbBdWiW5e3P2/npwMBaU9mHCSCUzNln0ZCYbcfTsGbTJrU/kGemdH2IWmB2ioZ+zkxtmq6g09fGQ=="
  "resolved" "https://registry.npmjs.org/react/-/react-18.2.0.tgz"
  "version" "18.2.0"
  dependencies:
    "loose-envify" "^1.1.0"

"regenerator-runtime@^0.13.11":
  "integrity" "sha512-kY1AZVr2Ra+t+piVaJ4gxaFaReZVH40AKNo7UCX6W+dEwBo/2oZJzqfuN1qLq1oL45o56cPaTXELwrTh8Fpggg=="
  "resolved" "https://registry.npmjs.org/regenerator-runtime/-/regenerator-runtime-0.13.11.tgz"
  "version" "0.13.11"

"resolve@^1.22.1":
  "integrity" "sha512-nBpuuYuY5jFsli/JIs1oldw6fOQCBioohqWZg/2hiaOybXOft4lonv85uDOKXdf8rhyK159cxU5cDcK/NKk8zw=="
  "resolved" "https://registry.npmjs.org/resolve/-/resolve-1.22.1.tgz"
  "version" "1.22.1"
  dependencies:
    "is-core-module" "^2.9.0"
    "path-parse" "^1.0.7"
    "supports-preserve-symlinks-flag" "^1.0.0"

"rollup@^3.18.0":
  "integrity" "sha512-3zwkBQl7Ai7MFYQE0y1MeQ15+9jsi7XxfrqwTb/9EK8D9C9+//EBR4M+CuA1KODRaNbFez/lWxA5vhEGZp4MUg=="
  "resolved" "https://registry.npmjs.org/rollup/-/rollup-3.20.2.tgz"
  "version" "3.20.2"
  optionalDependencies:
    "fsevents" "~2.3.2"

"scheduler@^0.23.0":
  "integrity" "sha512-CtuThmgHNg7zIZWAXi3AsyIzA3n4xx7aNyjwC2VJldO2LMVDhFK+63xGqq6CsJH4rTAt6/M+N4GhZiDYPx9eUw=="
  "resolved" "https://registry.npmjs.org/scheduler/-/scheduler-0.23.0.tgz"
  "version" "0.23.0"
  dependencies:
    "loose-envify" "^1.1.0"

"semver@^6.3.0":
  "integrity" "sha512-b39TBaTSfV6yBrapU89p5fKekE2m/NwnDocOVruQFS1/veMgdzuPcnOM34M6CwxW8jH/lxEa5rBoDeUwu5HHTw=="
  "resolved" "https://registry.npmjs.org/semver/-/semver-6.3.0.tgz"
  "version" "6.3.0"

"source-map-js@^1.0.2":
  "integrity" "sha512-R0XvVJ9WusLiqTCEiGCmICCMplcCkIwwR11mOSD9CR5u+IXYdiseeEuXCVAjS54zqwkLcPNnmU4OeJ6tUrWhDw=="
  "resolved" "https://registry.npmjs.org/source-map-js/-/source-map-js-1.0.2.tgz"
  "version" "1.0.2"

"supports-color@^5.3.0":
  "integrity" "sha512-QjVjwdXIt408MIiAqCX4oUKsgU2EqAGzs2Ppkm4aQYbjm+ZEWEcW4SfFNTr4uMNZma0ey4f5lgLrkB0aX0QMow=="
  "resolved" "https://registry.npmjs.org/supports-color/-/supports-color-5.5.0.tgz"
  "version" "5.5.0"
  dependencies:
    "has-flag" "^3.0.0"

"supports-preserve-symlinks-flag@^1.0.0":
  "integrity" "sha512-ot0WnXS9fgdkgIcePe6RHNk1WA8+muPa6cSjeR3V8K27q9BB1rTE3R1p7Hv0z1ZyAc8s6Vvv8DIyWf681MAt0w=="
  "resolved" "https://registry.npmjs.org/supports-preserve-symlinks-flag/-/supports-preserve-symlinks-flag-1.0.0.tgz"
  "version" "1.0.0"

"to-fast-properties@^2.0.0":
  "integrity" "sha512-/OaKK0xYrs3DmxRYqL/yDc+FxFUVYhDlXMhRmv3z915w2HF1tnN1omB354j8VUGO/hbRzyD6Y3sA7v7GS/ceog=="
  "resolved" "https://registry.npmjs.org/to-fast-properties/-/to-fast-properties-2.0.0.tgz"
  "version" "2.0.0"

"typescript@^4.9.3":
  "integrity" "sha512-1FXk9E2Hm+QzZQ7z+McJiHL4NW1F2EzMu9Nq9i3zAaGqibafqYwCVU6WyWAuyQRRzOlxou8xZSyXLEN8oKj24g=="
  "resolved" "https://registry.npmjs.org/typescript/-/typescript-4.9.5.tgz"
  "version" "4.9.5"

"update-browserslist-db@^1.0.10":
  "integrity" "sha512-OztqDenkfFkbSG+tRxBeAnCVPckDBcvibKd35yDONx6OU8N7sqgwc7rCbkJ/WcYtVRZ4ba68d6byhC21GFh7sQ=="
  "resolved" "https://registry.npmjs.org/update-browserslist-db/-/update-browserslist-db-1.0.10.tgz"
  "version" "1.0.10"
  dependencies:
    "escalade" "^3.1.1"
    "picocolors" "^1.0.0"

"url@^0.11.0":
  "integrity" "sha512-kbailJa29QrtXnxgq+DdCEGlbTeYM2eJUxsz6vjZavrCYPMIFHMKQmSKYAIuUK2i7hgPm28a8piX5NTUtM/LKQ=="
  "resolved" "https://registry.npmjs.org/url/-/url-0.11.0.tgz"
  "version" "0.11.0"
  dependencies:
    "punycode" "1.3.2"
    "querystring" "0.2.0"

"vite@^4.1.0-beta.0", "vite@^4.2.0":
  "integrity" "sha512-7MKhqdy0ISo4wnvwtqZkjke6XN4taqQ2TBaTccLIpOKv7Vp2h4Y+NpmWCnGDeSvvn45KxvWgGyb0MkHvY1vgbg=="
  "resolved" "https://registry.npmjs.org/vite/-/vite-4.2.1.tgz"
  "version" "4.2.1"
  dependencies:
    "esbuild" "^0.17.5"
    "postcss" "^8.4.21"
    "resolve" "^1.22.1"
    "rollup" "^3.18.0"
  optionalDependencies:
    "fsevents" "~2.3.2"

"yallist@^3.0.2":
  "integrity" "sha512-a4UGQaWPH59mOXUYnAG2ewncQS4i4F43Tv3JoAM+s2VDAmS9NsK8GpDMLrCHPksFT7h3K6TOoUNn2pb7RoXx4g=="
  "resolved" "https://registry.npmjs.org/yallist/-/yallist-3.1.1.tgz"
  "version" "3.1.1"
